// !$*UTF8*$!
{
	archiveVersion = 1;
	classes = {
	};
	objectVersion = 56;
	objects = {

/* Begin PBXBuildFile section */
		1E3BF2282D0C9B3900CE6BC4 /* MBProgressHUD.m in Sources */ = {isa = PBXBuildFile; fileRef = 1E3BF2262D0C9B3800CE6BC4 /* MBProgressHUD.m */; };
		1E446D482D03106900FE42CB /* URLHandler.m in Sources */ = {isa = PBXBuildFile; fileRef = 1E446D472D03106900FE42CB /* URLHandler.m */; };
		1E8128762CFDE5FC0038D2A0 /* AppDelegate.m in Sources */ = {isa = PBXBuildFile; fileRef = 1E8128752CFDE5FC0038D2A0 /* AppDelegate.m */; };
		1E8128792CFDE5FC0038D2A0 /* SceneDelegate.m in Sources */ = {isa = PBXBuildFile; fileRef = 1E8128782CFDE5FC0038D2A0 /* SceneDelegate.m */; };
		1E81287C2CFDE5FC0038D2A0 /* ViewController.mm in Sources */ = {isa = PBXBuildFile; fileRef = 1E81287B2CFDE5FC0038D2A0 /* ViewController.mm */; };
		1E81287F2CFDE5FC0038D2A0 /* Main.storyboard in Resources */ = {isa = PBXBuildFile; fileRef = 1E81287D2CFDE5FC0038D2A0 /* Main.storyboard */; };
		1E8128812CFDE5FD0038D2A0 /* Assets.xcassets in Resources */ = {isa = PBXBuildFile; fileRef = 1E8128802CFDE5FD0038D2A0 /* Assets.xcassets */; };
		1E8128842CFDE5FD0038D2A0 /* LaunchScreen.storyboard in Resources */ = {isa = PBXBuildFile; fileRef = 1E8128822CFDE5FD0038D2A0 /* LaunchScreen.storyboard */; };
		1E8128872CFDE5FD0038D2A0 /* main.m in Sources */ = {isa = PBXBuildFile; fileRef = 1E8128862CFDE5FD0038D2A0 /* main.m */; };
		1E8128912CFDE5FE0038D2A0 /* xcodeapptesstTests.m in Sources */ = {isa = PBXBuildFile; fileRef = 1E8128902CFDE5FE0038D2A0 /* xcodeapptesstTests.m */; };
		1E81289B2CFDE5FE0038D2A0 /* xcodeapptesstUITests.m in Sources */ = {isa = PBXBuildFile; fileRef = 1E81289A2CFDE5FE0038D2A0 /* xcodeapptesstUITests.m */; };
		1E81289D2CFDE5FE0038D2A0 /* xcodeapptesstUITestsLaunchTests.m in Sources */ = {isa = PBXBuildFile; fileRef = 1E81289C2CFDE5FE0038D2A0 /* xcodeapptesstUITestsLaunchTests.m */; };
/* End PBXBuildFile section */

/* Begin PBXContainerItemProxy section */
		1E81288D2CFDE5FE0038D2A0 /* PBXContainerItemProxy */ = {
			isa = PBXContainerItemProxy;
			containerPortal = 1E8128692CFDE5FC0038D2A0 /* Project object */;
			proxyType = 1;
			remoteGlobalIDString = 1E8128702CFDE5FC0038D2A0;
			remoteInfo = xcodeapptesst;
		};
		1E8128972CFDE5FE0038D2A0 /* PBXContainerItemProxy */ = {
			isa = PBXContainerItemProxy;
			containerPortal = 1E8128692CFDE5FC0038D2A0 /* Project object */;
			proxyType = 1;
			remoteGlobalIDString = 1E8128702CFDE5FC0038D2A0;
			remoteInfo = xcodeapptesst;
		};
/* End PBXContainerItemProxy section */

/* Begin PBXFileReference section */
		1E0C6FC92CFF56F300E63DD6 /* mahoa.h */ = {isa = PBXFileReference; lastKnownFileType = sourcecode.c.h; path = mahoa.h; sourceTree = "<group>"; };
		1E3BF2262D0C9B3800CE6BC4 /* MBProgressHUD.m */ = {isa = PBXFileReference; fileEncoding = 4; lastKnownFileType = sourcecode.c.objc; path = MBProgressHUD.m; sourceTree = "<group>"; };
		1E3BF2272D0C9B3900CE6BC4 /* MBProgressHUD.h */ = {isa = PBXFileReference; fileEncoding = 4; lastKnownFileType = sourcecode.c.h; path = MBProgressHUD.h; sourceTree = "<group>"; };
		1E446D472D03106900FE42CB /* URLHandler.m */ = {isa = PBXFileReference; lastKnownFileType = sourcecode.c.objc; path = URLHandler.m; sourceTree = "<group>"; };
		1E446D492D03109300FE42CB /* URLHandler.h */ = {isa = PBXFileReference; lastKnownFileType = sourcecode.c.h; path = URLHandler.h; sourceTree = "<group>"; };
		1E8128712CFDE5FC0038D2A0 /* xcodeapptesst.app */ = {isa = PBXFileReference; explicitFileType = wrapper.application; includeInIndex = 0; path = xcodeapptesst.app; sourceTree = BUILT_PRODUCTS_DIR; };
		1E8128742CFDE5FC0038D2A0 /* AppDelegate.h */ = {isa = PBXFileReference; lastKnownFileType = sourcecode.c.h; path = AppDelegate.h; sourceTree = "<group>"; };
		1E8128752CFDE5FC0038D2A0 /* AppDelegate.m */ = {isa = PBXFileReference; lastKnownFileType = sourcecode.c.objc; path = AppDelegate.m; sourceTree = "<group>"; };
		1E8128772CFDE5FC0038D2A0 /* SceneDelegate.h */ = {isa = PBXFileReference; lastKnownFileType = sourcecode.c.h; path = SceneDelegate.h; sourceTree = "<group>"; };
		1E8128782CFDE5FC0038D2A0 /* SceneDelegate.m */ = {isa = PBXFileReference; lastKnownFileType = sourcecode.c.objc; path = SceneDelegate.m; sourceTree = "<group>"; };
		1E81287A2CFDE5FC0038D2A0 /* ViewController.h */ = {isa = PBXFileReference; lastKnownFileType = sourcecode.c.h; path = ViewController.h; sourceTree = "<group>"; };
		1E81287B2CFDE5FC0038D2A0 /* ViewController.mm */ = {isa = PBXFileReference; lastKnownFileType = sourcecode.cpp.objcpp; path = ViewController.mm; sourceTree = "<group>"; };
		1E81287E2CFDE5FC0038D2A0 /* Base */ = {isa = PBXFileReference; lastKnownFileType = file.storyboard; name = Base; path = Base.lproj/Main.storyboard; sourceTree = "<group>"; };
		1E8128802CFDE5FD0038D2A0 /* Assets.xcassets */ = {isa = PBXFileReference; lastKnownFileType = folder.assetcatalog; path = Assets.xcassets; sourceTree = "<group>"; };
		1E8128832CFDE5FD0038D2A0 /* Base */ = {isa = PBXFileReference; lastKnownFileType = file.storyboard; name = Base; path = Base.lproj/LaunchScreen.storyboard; sourceTree = "<group>"; };
		1E8128852CFDE5FD0038D2A0 /* Info.plist */ = {isa = PBXFileReference; lastKnownFileType = text.plist.xml; path = Info.plist; sourceTree = "<group>"; };
		1E8128862CFDE5FD0038D2A0 /* main.m */ = {isa = PBXFileReference; lastKnownFileType = sourcecode.c.objc; path = main.m; sourceTree = "<group>"; };
		1E81288C2CFDE5FE0038D2A0 /* xcodeapptesstTests.xctest */ = {isa = PBXFileReference; explicitFileType = wrapper.cfbundle; includeInIndex = 0; path = xcodeapptesstTests.xctest; sourceTree = BUILT_PRODUCTS_DIR; };
		1E8128902CFDE5FE0038D2A0 /* xcodeapptesstTests.m */ = {isa = PBXFileReference; lastKnownFileType = sourcecode.c.objc; path = xcodeapptesstTests.m; sourceTree = "<group>"; };
		1E8128962CFDE5FE0038D2A0 /* xcodeapptesstUITests.xctest */ = {isa = PBXFileReference; explicitFileType = wrapper.cfbundle; includeInIndex = 0; path = xcodeapptesstUITests.xctest; sourceTree = BUILT_PRODUCTS_DIR; };
		1E81289A2CFDE5FE0038D2A0 /* xcodeapptesstUITests.m */ = {isa = PBXFileReference; lastKnownFileType = sourcecode.c.objc; path = xcodeapptesstUITests.m; sourceTree = "<group>"; };
		1E81289C2CFDE5FE0038D2A0 /* xcodeapptesstUITestsLaunchTests.m */ = {isa = PBXFileReference; lastKnownFileType = sourcecode.c.objc; path = xcodeapptesstUITestsLaunchTests.m; sourceTree = "<group>"; };
		1EDF8D2E2CFED4CC00A907F2 /* apiotp.h */ = {isa = PBXFileReference; lastKnownFileType = sourcecode.c.h; path = apiotp.h; sourceTree = "<group>"; };
/* End PBXFileReference section */

/* Begin PBXFrameworksBuildPhase section */
		1E81286E2CFDE5FC0038D2A0 /* Frameworks */ = {
			isa = PBXFrameworksBuildPhase;
			buildActionMask = 2147483647;
			files = (
			);
			runOnlyForDeploymentPostprocessing = 0;
		};
		1E8128892CFDE5FE0038D2A0 /* Frameworks */ = {
			isa = PBXFrameworksBuildPhase;
			buildActionMask = 2147483647;
			files = (
			);
			runOnlyForDeploymentPostprocessing = 0;
		};
		1E8128932CFDE5FE0038D2A0 /* Frameworks */ = {
			isa = PBXFrameworksBuildPhase;
			buildActionMask = 2147483647;
			files = (
			);
			runOnlyForDeploymentPostprocessing = 0;
		};
/* End PBXFrameworksBuildPhase section */

/* Begin PBXGroup section */
		1E8128682CFDE5FC0038D2A0 = {
			isa = PBXGroup;
			children = (
				1E8128732CFDE5FC0038D2A0 /* xcodeapptesst */,
				1E81288F2CFDE5FE0038D2A0 /* xcodeapptesstTests */,
				1E8128992CFDE5FE0038D2A0 /* xcodeapptesstUITests */,
				1E8128722CFDE5FC0038D2A0 /* Products */,
			);
			sourceTree = "<group>";
		};
		1E8128722CFDE5FC0038D2A0 /* Products */ = {
			isa = PBXGroup;
			children = (
				1E8128712CFDE5FC0038D2A0 /* xcodeapptesst.app */,
				1E81288C2CFDE5FE0038D2A0 /* xcodeapptesstTests.xctest */,
				1E8128962CFDE5FE0038D2A0 /* xcodeapptesstUITests.xctest */,
			);
			name = Products;
			sourceTree = "<group>";
		};
		1E8128732CFDE5FC0038D2A0 /* xcodeapptesst */ = {
			isa = PBXGroup;
			children = (
				1E8128742CFDE5FC0038D2A0 /* AppDelegate.h */,
				1E8128752CFDE5FC0038D2A0 /* AppDelegate.m */,
				1E3BF2272D0C9B3900CE6BC4 /* MBProgressHUD.h */,
				1E3BF2262D0C9B3800CE6BC4 /* MBProgressHUD.m */,
				1E8128772CFDE5FC0038D2A0 /* SceneDelegate.h */,
				1EDF8D2E2CFED4CC00A907F2 /* apiotp.h */,
				1E8128782CFDE5FC0038D2A0 /* SceneDelegate.m */,
				1E81287A2CFDE5FC0038D2A0 /* ViewController.h */,
				1E81287B2CFDE5FC0038D2A0 /* ViewController.mm */,
				1E81287D2CFDE5FC0038D2A0 /* Main.storyboard */,
				1E8128802CFDE5FD0038D2A0 /* Assets.xcassets */,
				1E8128822CFDE5FD0038D2A0 /* LaunchScreen.storyboard */,
				1E8128852CFDE5FD0038D2A0 /* Info.plist */,
				1E8128862CFDE5FD0038D2A0 /* main.m */,
				1E0C6FC92CFF56F300E63DD6 /* mahoa.h */,
				1E446D472D03106900FE42CB /* URLHandler.m */,
				1E446D492D03109300FE42CB /* URLHandler.h */,
			);
			path = xcodeapptesst;
			sourceTree = "<group>";
		};
		1E81288F2CFDE5FE0038D2A0 /* xcodeapptesstTests */ = {
			isa = PBXGroup;
			children = (
				1E8128902CFDE5FE0038D2A0 /* xcodeapptesstTests.m */,
			);
			path = xcodeapptesstTests;
			sourceTree = "<group>";
		};
		1E8128992CFDE5FE0038D2A0 /* xcodeapptesstUITests */ = {
			isa = PBXGroup;
			children = (
				1E81289A2CFDE5FE0038D2A0 /* xcodeapptesstUITests.m */,
				1E81289C2CFDE5FE0038D2A0 /* xcodeapptesstUITestsLaunchTests.m */,
			);
			path = xcodeapptesstUITests;
			sourceTree = "<group>";
		};
/* End PBXGroup section */

/* Begin PBXNativeTarget section */
		1E8128702CFDE5FC0038D2A0 /* xcodeapptesst */ = {
			isa = PBXNativeTarget;
			buildConfigurationList = 1E8128A02CFDE5FE0038D2A0 /* Build configuration list for PBXNativeTarget "xcodeapptesst" */;
			buildPhases = (
				1E81286D2CFDE5FC0038D2A0 /* Sources */,
				1E81286E2CFDE5FC0038D2A0 /* Frameworks */,
				1E81286F2CFDE5FC0038D2A0 /* Resources */,
			);
			buildRules = (
			);
			dependencies = (
			);
			name = xcodeapptesst;
			productName = xcodeapptesst;
			productReference = 1E8128712CFDE5FC0038D2A0 /* xcodeapptesst.app */;
			productType = "com.apple.product-type.application";
		};
		1E81288B2CFDE5FE0038D2A0 /* xcodeapptesstTests */ = {
			isa = PBXNativeTarget;
			buildConfigurationList = 1E8128A32CFDE5FE0038D2A0 /* Build configuration list for PBXNativeTarget "xcodeapptesstTests" */;
			buildPhases = (
				1E8128882CFDE5FE0038D2A0 /* Sources */,
				1E8128892CFDE5FE0038D2A0 /* Frameworks */,
				1E81288A2CFDE5FE0038D2A0 /* Resources */,
			);
			buildRules = (
			);
			dependencies = (
				1E81288E2CFDE5FE0038D2A0 /* PBXTargetDependency */,
			);
			name = xcodeapptesstTests;
			productName = xcodeapptesstTests;
			productReference = 1E81288C2CFDE5FE0038D2A0 /* xcodeapptesstTests.xctest */;
			productType = "com.apple.product-type.bundle.unit-test";
		};
		1E8128952CFDE5FE0038D2A0 /* xcodeapptesstUITests */ = {
			isa = PBXNativeTarget;
			buildConfigurationList = 1E8128A62CFDE5FE0038D2A0 /* Build configuration list for PBXNativeTarget "xcodeapptesstUITests" */;
			buildPhases = (
				1E8128922CFDE5FE0038D2A0 /* Sources */,
				1E8128932CFDE5FE0038D2A0 /* Frameworks */,
				1E8128942CFDE5FE0038D2A0 /* Resources */,
			);
			buildRules = (
			);
			dependencies = (
				1E8128982CFDE5FE0038D2A0 /* PBXTargetDependency */,
			);
			name = xcodeapptesstUITests;
			productName = xcodeapptesstUITests;
			productReference = 1E8128962CFDE5FE0038D2A0 /* xcodeapptesstUITests.xctest */;
			productType = "com.apple.product-type.bundle.ui-testing";
		};
/* End PBXNativeTarget section */

/* Begin PBXProject section */
		1E8128692CFDE5FC0038D2A0 /* Project object */ = {
			isa = PBXProject;
			attributes = {
				BuildIndependentTargetsInParallel = 1;
				LastUpgradeCheck = 1430;
				TargetAttributes = {
					1E8128702CFDE5FC0038D2A0 = {
						CreatedOnToolsVersion = 14.3.1;
					};
					1E81288B2CFDE5FE0038D2A0 = {
						CreatedOnToolsVersion = 14.3.1;
						TestTargetID = 1E8128702CFDE5FC0038D2A0;
					};
					1E8128952CFDE5FE0038D2A0 = {
						CreatedOnToolsVersion = 14.3.1;
						TestTargetID = 1E8128702CFDE5FC0038D2A0;
					};
				};
			};
			buildConfigurationList = 1E81286C2CFDE5FC0038D2A0 /* Build configuration list for PBXProject "xcodeapptesst" */;
			compatibilityVersion = "Xcode 14.0";
			developmentRegion = en;
			hasScannedForEncodings = 0;
			knownRegions = (
				en,
				Base,
			);
			mainGroup = 1E8128682CFDE5FC0038D2A0;
			productRefGroup = 1E8128722CFDE5FC0038D2A0 /* Products */;
			projectDirPath = "";
			projectRoot = "";
			targets = (
				1E8128702CFDE5FC0038D2A0 /* xcodeapptesst */,
				1E81288B2CFDE5FE0038D2A0 /* xcodeapptesstTests */,
				1E8128952CFDE5FE0038D2A0 /* xcodeapptesstUITests */,
			);
		};
/* End PBXProject section */

/* Begin PBXResourcesBuildPhase section */
		1E81286F2CFDE5FC0038D2A0 /* Resources */ = {
			isa = PBXResourcesBuildPhase;
			buildActionMask = 2147483647;
			files = (
				1E8128842CFDE5FD0038D2A0 /* LaunchScreen.storyboard in Resources */,
				1E8128812CFDE5FD0038D2A0 /* Assets.xcassets in Resources */,
				1E81287F2CFDE5FC0038D2A0 /* Main.storyboard in Resources */,
			);
			runOnlyForDeploymentPostprocessing = 0;
		};
		1E81288A2CFDE5FE0038D2A0 /* Resources */ = {
			isa = PBXResourcesBuildPhase;
			buildActionMask = 2147483647;
			files = (
			);
			runOnlyForDeploymentPostprocessing = 0;
		};
		1E8128942CFDE5FE0038D2A0 /* Resources */ = {
			isa = PBXResourcesBuildPhase;
			buildActionMask = 2147483647;
			files = (
			);
			runOnlyForDeploymentPostprocessing = 0;
		};
/* End PBXResourcesBuildPhase section */

/* Begin PBXSourcesBuildPhase section */
		1E81286D2CFDE5FC0038D2A0 /* Sources */ = {
			isa = PBXSourcesBuildPhase;
			buildActionMask = 2147483647;
			files = (
				1E81287C2CFDE5FC0038D2A0 /* ViewController.mm in Sources */,
				1E3BF2282D0C9B3900CE6BC4 /* MBProgressHUD.m in Sources */,
				1E8128762CFDE5FC0038D2A0 /* AppDelegate.m in Sources */,
				1E446D482D03106900FE42CB /* URLHandler.m in Sources */,
				1E8128872CFDE5FD0038D2A0 /* main.m in Sources */,
				1E8128792CFDE5FC0038D2A0 /* SceneDelegate.m in Sources */,
			);
			runOnlyForDeploymentPostprocessing = 0;
		};
		1E8128882CFDE5FE0038D2A0 /* Sources */ = {
			isa = PBXSourcesBuildPhase;
			buildActionMask = 2147483647;
			files = (
				1E8128912CFDE5FE0038D2A0 /* xcodeapptesstTests.m in Sources */,
			);
			runOnlyForDeploymentPostprocessing = 0;
		};
		1E8128922CFDE5FE0038D2A0 /* Sources */ = {
			isa = PBXSourcesBuildPhase;
			buildActionMask = 2147483647;
			files = (
				1E81289D2CFDE5FE0038D2A0 /* xcodeapptesstUITestsLaunchTests.m in Sources */,
				1E81289B2CFDE5FE0038D2A0 /* xcodeapptesstUITests.m in Sources */,
			);
			runOnlyForDeploymentPostprocessing = 0;
		};
/* End PBXSourcesBuildPhase section */

/* Begin PBXTargetDependency section */
		1E81288E2CFDE5FE0038D2A0 /* PBXTargetDependency */ = {
			isa = PBXTargetDependency;
			target = 1E8128702CFDE5FC0038D2A0 /* xcodeapptesst */;
			targetProxy = 1E81288D2CFDE5FE0038D2A0 /* PBXContainerItemProxy */;
		};
		1E8128982CFDE5FE0038D2A0 /* PBXTargetDependency */ = {
			isa = PBXTargetDependency;
			target = 1E8128702CFDE5FC0038D2A0 /* xcodeapptesst */;
			targetProxy = 1E8128972CFDE5FE0038D2A0 /* PBXContainerItemProxy */;
		};
/* End PBXTargetDependency section */

/* Begin PBXVariantGroup section */
		1E81287D2CFDE5FC0038D2A0 /* Main.storyboard */ = {
			isa = PBXVariantGroup;
			children = (
				1E81287E2CFDE5FC0038D2A0 /* Base */,
			);
			name = Main.storyboard;
			sourceTree = "<group>";
		};
		1E8128822CFDE5FD0038D2A0 /* LaunchScreen.storyboard */ = {
			isa = PBXVariantGroup;
			children = (
				1E8128832CFDE5FD0038D2A0 /* Base */,
			);
			name = LaunchScreen.storyboard;
			sourceTree = "<group>";
		};
/* End PBXVariantGroup section */

/* Begin XCBuildConfiguration section */
		1E81289E2CFDE5FE0038D2A0 /* Debug */ = {
			isa = XCBuildConfiguration;
			buildSettings = {
				ALWAYS_SEARCH_USER_PATHS = NO;
				CLANG_ANALYZER_NONNULL = YES;
				CLANG_ANALYZER_NUMBER_OBJECT_CONVERSION = YES_AGGRESSIVE;
				CLANG_CXX_LANGUAGE_STANDARD = "gnu++20";
				CLANG_ENABLE_MODULES = YES;
				CLANG_ENABLE_OBJC_ARC = YES;
				CLANG_ENABLE_OBJC_WEAK = YES;
				CLANG_WARN_BLOCK_CAPTURE_AUTORELEASING = YES;
				CLANG_WARN_BOOL_CONVERSION = YES;
				CLANG_WARN_COMMA = YES;
				CLANG_WARN_CONSTANT_CONVERSION = YES;
				CLANG_WARN_DEPRECATED_OBJC_IMPLEMENTATIONS = YES;
				CLANG_WARN_DIRECT_OBJC_ISA_USAGE = YES_ERROR;
				CLANG_WARN_DOCUMENTATION_COMMENTS = YES;
				CLANG_WARN_EMPTY_BODY = YES;
				CLANG_WARN_ENUM_CONVERSION = YES;
				CLANG_WARN_INFINITE_RECURSION = YES;
				CLANG_WARN_INT_CONVERSION = YES;
				CLANG_WARN_NON_LITERAL_NULL_CONVERSION = YES;
				CLANG_WARN_OBJC_IMPLICIT_RETAIN_SELF = YES;
				CLANG_WARN_OBJC_LITERAL_CONVERSION = YES;
				CLANG_WARN_OBJC_ROOT_CLASS = YES_ERROR;
				CLANG_WARN_QUOTED_INCLUDE_IN_FRAMEWORK_HEADER = YES;
				CLANG_WARN_RANGE_LOOP_ANALYSIS = YES;
				CLANG_WARN_STRICT_PROTOTYPES = YES;
				CLANG_WARN_SUSPICIOUS_MOVE = YES;
				CLANG_WARN_UNGUARDED_AVAILABILITY = YES_AGGRESSIVE;
				CLANG_WARN_UNREACHABLE_CODE = YES;
				CLANG_WARN__DUPLICATE_METHOD_MATCH = YES;
				COPY_PHASE_STRIP = NO;
				DEBUG_INFORMATION_FORMAT = dwarf;
				EAGER_LINKING = NO;
				ENABLE_STRICT_OBJC_MSGSEND = YES;
				ENABLE_TESTABILITY = YES;
				GCC_C_LANGUAGE_STANDARD = gnu11;
				GCC_DYNAMIC_NO_PIC = NO;
				GCC_NO_COMMON_BLOCKS = YES;
				GCC_OPTIMIZATION_LEVEL = 0;
				GCC_PREPROCESSOR_DEFINITIONS = (
					"DEBUG=1",
					"$(inherited)",
				);
				GCC_WARN_64_TO_32_BIT_CONVERSION = YES;
				GCC_WARN_ABOUT_RETURN_TYPE = YES_ERROR;
				GCC_WARN_UNDECLARED_SELECTOR = YES;
				GCC_WARN_UNINITIALIZED_AUTOS = YES_AGGRESSIVE;
				GCC_WARN_UNUSED_FUNCTION = YES;
				GCC_WARN_UNUSED_VARIABLE = YES;
				IPHONEOS_DEPLOYMENT_TARGET = 13.0;
				MTL_ENABLE_DEBUG_INFO = INCLUDE_SOURCE;
				MTL_FAST_MATH = YES;
				ONLY_ACTIVE_ARCH = YES;
				SDKROOT = iphoneos;
				TAPI_LANGUAGE_STANDARD = "c++20";
			};
			name = Debug;
		};
		1E81289F2CFDE5FE0038D2A0 /* Release */ = {
			isa = XCBuildConfiguration;
			buildSettings = {
				ALWAYS_SEARCH_USER_PATHS = NO;
				CLANG_ANALYZER_NONNULL = YES;
				CLANG_ANALYZER_NUMBER_OBJECT_CONVERSION = YES_AGGRESSIVE;
				CLANG_CXX_LANGUAGE_STANDARD = "gnu++20";
				CLANG_ENABLE_MODULES = YES;
				CLANG_ENABLE_OBJC_ARC = YES;
				CLANG_ENABLE_OBJC_WEAK = YES;
				CLANG_WARN_BLOCK_CAPTURE_AUTORELEASING = YES;
				CLANG_WARN_BOOL_CONVERSION = YES;
				CLANG_WARN_COMMA = YES;
				CLANG_WARN_CONSTANT_CONVERSION = YES;
				CLANG_WARN_DEPRECATED_OBJC_IMPLEMENTATIONS = YES;
				CLANG_WARN_DIRECT_OBJC_ISA_USAGE = YES_ERROR;
				CLANG_WARN_DOCUMENTATION_COMMENTS = YES;
				CLANG_WARN_EMPTY_BODY = YES;
				CLANG_WARN_ENUM_CONVERSION = YES;
				CLANG_WARN_INFINITE_RECURSION = YES;
				CLANG_WARN_INT_CONVERSION = YES;
				CLANG_WARN_NON_LITERAL_NULL_CONVERSION = YES;
				CLANG_WARN_OBJC_IMPLICIT_RETAIN_SELF = YES;
				CLANG_WARN_OBJC_LITERAL_CONVERSION = YES;
				CLANG_WARN_OBJC_ROOT_CLASS = YES_ERROR;
				CLANG_WARN_QUOTED_INCLUDE_IN_FRAMEWORK_HEADER = YES;
				CLANG_WARN_RANGE_LOOP_ANALYSIS = YES;
				CLANG_WARN_STRICT_PROTOTYPES = YES;
				CLANG_WARN_SUSPICIOUS_MOVE = YES;
				CLANG_WARN_UNGUARDED_AVAILABILITY = YES_AGGRESSIVE;
				CLANG_WARN_UNREACHABLE_CODE = YES;
				CLANG_WARN__DUPLICATE_METHOD_MATCH = YES;
				COPY_PHASE_STRIP = NO;
				DEBUG_INFORMATION_FORMAT = "dwarf-with-dsym";
				EAGER_LINKING = NO;
				ENABLE_NS_ASSERTIONS = NO;
				ENABLE_STRICT_OBJC_MSGSEND = YES;
				GCC_C_LANGUAGE_STANDARD = gnu11;
				GCC_NO_COMMON_BLOCKS = YES;
				GCC_WARN_64_TO_32_BIT_CONVERSION = YES;
				GCC_WARN_ABOUT_RETURN_TYPE = YES_ERROR;
				GCC_WARN_UNDECLARED_SELECTOR = YES;
				GCC_WARN_UNINITIALIZED_AUTOS = YES_AGGRESSIVE;
				GCC_WARN_UNUSED_FUNCTION = YES;
				GCC_WARN_UNUSED_VARIABLE = YES;
				IPHONEOS_DEPLOYMENT_TARGET = 13.0;
				MTL_ENABLE_DEBUG_INFO = NO;
				MTL_FAST_MATH = YES;
				SDKROOT = iphoneos;
				TAPI_LANGUAGE_STANDARD = "c++20";
				VALIDATE_PRODUCT = YES;
			};
			name = Release;
		};
		1E8128A12CFDE5FE0038D2A0 /* Debug */ = {
			isa = XCBuildConfiguration;
			buildSettings = {
				ASSETCATALOG_COMPILER_APPICON_NAME = AppIcon;
				ASSETCATALOG_COMPILER_GLOBAL_ACCENT_COLOR_NAME = AccentColor;
				CODE_SIGN_STYLE = Automatic;
				CURRENT_PROJECT_VERSION = 1;
				DEVELOPMENT_TEAM = LR5M353XY8;
				GENERATE_INFOPLIST_FILE = YES;
				INFOPLIST_FILE = xcodeapptesst/Info.plist;
				INFOPLIST_KEY_UIApplicationSupportsIndirectInputEvents = YES;
				INFOPLIST_KEY_UILaunchStoryboardName = LaunchScreen;
				INFOPLIST_KEY_UIMainStoryboardFile = Main;
				INFOPLIST_KEY_UIStatusBarStyle = UIStatusBarStyleDarkContent;
				INFOPLIST_KEY_UISupportedInterfaceOrientations = UIInterfaceOrientationPortraitUpsideDown;
				INFOPLIST_KEY_UISupportedInterfaceOrientations_iPad = UIInterfaceOrientationPortraitUpsideDown;
				INFOPLIST_KEY_UISupportedInterfaceOrientations_iPhone = UIInterfaceOrientationPortraitUpsideDown;
				IPHONEOS_DEPLOYMENT_TARGET = 13.0;
				LD_RUNPATH_SEARCH_PATHS = (
					"$(inherited)",
					"@executable_path/Frameworks",
				);
				MARKETING_VERSION = 1.0;
				PRODUCT_BUNDLE_IDENTIFIER = ctdotech.xcodeapptesst;
				PRODUCT_NAME = "$(TARGET_NAME)";
				SWIFT_EMIT_LOC_STRINGS = YES;
				TARGETED_DEVICE_FAMILY = "1,2";
			};
			name = Debug;
		};
		1E8128A22CFDE5FE0038D2A0 /* Release */ = {
			isa = XCBuildConfiguration;
			buildSettings = {
				ASSETCATALOG_COMPILER_APPICON_NAME = AppIcon;
				ASSETCATALOG_COMPILER_GLOBAL_ACCENT_COLOR_NAME = AccentColor;
				CODE_SIGN_STYLE = Automatic;
				CURRENT_PROJECT_VERSION = 1;
				DEVELOPMENT_TEAM = LR5M353XY8;
				GENERATE_INFOPLIST_FILE = YES;
				INFOPLIST_FILE = xcodeapptesst/Info.plist;
				INFOPLIST_KEY_UIApplicationSupportsIndirectInputEvents = YES;
				INFOPLIST_KEY_UILaunchStoryboardName = LaunchScreen;
				INFOPLIST_KEY_UIMainStoryboardFile = Main;
				INFOPLIST_KEY_UIStatusBarStyle = UIStatusBarStyleDarkContent;
				INFOPLIST_KEY_UISupportedInterfaceOrientations = UIInterfaceOrientationPortraitUpsideDown;
				INFOPLIST_KEY_UISupportedInterfaceOrientations_iPad = UIInterfaceOrientationPortraitUpsideDown;
				INFOPLIST_KEY_UISupportedInterfaceOrientations_iPhone = UIInterfaceOrientationPortraitUpsideDown;
				IPHONEOS_DEPLOYMENT_TARGET = 13.0;
				LD_RUNPATH_SEARCH_PATHS = (
					"$(inherited)",
					"@executable_path/Frameworks",
				);
				MARKETING_VERSION = 1.0;
				PRODUCT_BUNDLE_IDENTIFIER = ctdotech.xcodeapptesst;
				PRODUCT_NAME = "$(TARGET_NAME)";
				SWIFT_EMIT_LOC_STRINGS = YES;
				TARGETED_DEVICE_FAMILY = "1,2";
			};
			name = Release;
		};
		1E8128A42CFDE5FE0038D2A0 /* Debug */ = {
			isa = XCBuildConfiguration;
			buildSettings = {
				BUNDLE_LOADER = "$(TEST_HOST)";
				CODE_SIGN_STYLE = Automatic;
				CURRENT_PROJECT_VERSION = 1;
				DEVELOPMENT_TEAM = LR5M353XY8;
				GENERATE_INFOPLIST_FILE = YES;
				IPHONEOS_DEPLOYMENT_TARGET = 16.4;
				MARKETING_VERSION = 1.0;
				PRODUCT_BUNDLE_IDENTIFIER = ctdotech.xcodeapptesstTests;
				PRODUCT_NAME = "$(TARGET_NAME)";
				SWIFT_EMIT_LOC_STRINGS = NO;
				TARGETED_DEVICE_FAMILY = "1,2";
				TEST_HOST = "$(BUILT_PRODUCTS_DIR)/xcodeapptesst.app/$(BUNDLE_EXECUTABLE_FOLDER_PATH)/xcodeapptesst";
			};
			name = Debug;
		};
		1E8128A52CFDE5FE0038D2A0 /* Release */ = {
			isa = XCBuildConfiguration;
			buildSettings = {
				BUNDLE_LOADER = "$(TEST_HOST)";
				CODE_SIGN_STYLE = Automatic;
				CURRENT_PROJECT_VERSION = 1;
				DEVELOPMENT_TEAM = LR5M353XY8;
				GENERATE_INFOPLIST_FILE = YES;
				IPHONEOS_DEPLOYMENT_TARGET = 16.4;
				MARKETING_VERSION = 1.0;
				PRODUCT_BUNDLE_IDENTIFIER = ctdotech.xcodeapptesstTests;
				PRODUCT_NAME = "$(TARGET_NAME)";
				SWIFT_EMIT_LOC_STRINGS = NO;
				TARGETED_DEVICE_FAMILY = "1,2";
				TEST_HOST = "$(BUILT_PRODUCTS_DIR)/xcodeapptesst.app/$(BUNDLE_EXECUTABLE_FOLDER_PATH)/xcodeapptesst";
			};
			name = Release;
		};
		1E8128A72CFDE5FE0038D2A0 /* Debug */ = {
			isa = XCBuildConfiguration;
			buildSettings = {
				CODE_SIGN_STYLE = Automatic;
				CURRENT_PROJECT_VERSION = 1;
				DEVELOPMENT_TEAM = LR5M353XY8;
				GENERATE_INFOPLIST_FILE = YES;
				MARKETING_VERSION = 1.0;
				PRODUCT_BUNDLE_IDENTIFIER = ctdotech.xcodeapptesstUITests;
				PRODUCT_NAME = "$(TARGET_NAME)";
				SWIFT_EMIT_LOC_STRINGS = NO;
				TARGETED_DEVICE_FAMILY = "1,2";
				TEST_TARGET_NAME = xcodeapptesst;
			};
			name = Debug;
		};
		1E8128A82CFDE5FE0038D2A0 /* Release */ = {
			isa = XCBuildConfiguration;
			buildSettings = {
				CODE_SIGN_STYLE = Automatic;
				CURRENT_PROJECT_VERSION = 1;
				DEVELOPMENT_TEAM = LR5M353XY8;
				GENERATE_INFOPLIST_FILE = YES;
				MARKETING_VERSION = 1.0;
				PRODUCT_BUNDLE_IDENTIFIER = ctdotech.xcodeapptesstUITests;
				PRODUCT_NAME = "$(TARGET_NAME)";
				SWIFT_EMIT_LOC_STRINGS = NO;
				TARGETED_DEVICE_FAMILY = "1,2";
				TEST_TARGET_NAME = xcodeapptesst;
			};
			name = Release;
		};
/* End XCBuildConfiguration section */

/* Begin XCConfigurationList section */
		1E81286C2CFDE5FC0038D2A0 /* Build configuration list for PBXProject "xcodeapptesst" */ = {
			isa = XCConfigurationList;
			buildConfigurations = (
				1E81289E2CFDE5FE0038D2A0 /* Debug */,
				1E81289F2CFDE5FE0038D2A0 /* Release */,
			);
			defaultConfigurationIsVisible = 0;
			defaultConfigurationName = Release;
		};
		1E8128A02CFDE5FE0038D2A0 /* Build configuration list for PBXNativeTarget "xcodeapptesst" */ = {
			isa = XCConfigurationList;
			buildConfigurations = (
				1E8128A12CFDE5FE0038D2A0 /* Debug */,
				1E8128A22CFDE5FE0038D2A0 /* Release */,
			);
			defaultConfigurationIsVisible = 0;
			defaultConfigurationName = Release;
		};
		1E8128A32CFDE5FE0038D2A0 /* Build configuration list for PBXNativeTarget "xcodeapptesstTests" */ = {
			isa = XCConfigurationList;
			buildConfigurations = (
				1E8128A42CFDE5FE0038D2A0 /* Debug */,
				1E8128A52CFDE5FE0038D2A0 /* Release */,
			);
			defaultConfigurationIsVisible = 0;
			defaultConfigurationName = Release;
		};
		1E8128A62CFDE5FE0038D2A0 /* Build configuration list for PBXNativeTarget "xcodeapptesstUITests" */ = {
			isa = XCConfigurationList;
			buildConfigurations = (
				1E8128A72CFDE5FE0038D2A0 /* Debug */,
				1E8128A82CFDE5FE0038D2A0 /* Release */,
			);
			defaultConfigurationIsVisible = 0;
			defaultConfigurationName = Release;
		};
/* End XCConfigurationList section */
	};
	rootObject = 1E8128692CFDE5FC0038D2A0 /* Project object */;
}
